{
  "requires": true,
  "lockfileVersion": 1,
  "dependencies": {
    "react-table": {
      "version": "7.6.3",
      "resolved": "https://registry.npmjs.org/react-table/-/react-table-7.6.3.tgz",
      "integrity": "sha512-hfPF13zDLxPMpLKzIKCE8RZud9T/XrRTsaCIf8zXpWZIZ2juCl7qrGpo3AQw9eAetXV5DP7s2GDm+hht7qq5Dw=="
    }
  }
}
